
Microsoft Visual Studio Solution File, Format Version 12.00
# Visual Studio Version 17
VisualStudioVersion = 17.4.33205.214
MinimumVisualStudioVersion = 10.0.40219.1
Project("{FAE04EC0-301F-11D3-BF4B-00C04F79EFBC}") = "SubModule2", "SubModule2\SubModule2.csproj", "{DE2F5CE2-37DC-4BF9-BAB3-FF5AB45F2CA3}"
EndProject
Project("{9A19103F-16F7-4668-BE54-9A1E7A4F7556}") = "SubModuleLib", "SubModuleLib\SubModuleLib\SubModuleLib.csproj", "{BD47AF51-3847-4973-BE38-0B8793DB4750}"
EndProject
Global
	GlobalSection(SolutionConfigurationPlatforms) = preSolution
		Debug|Any CPU = Debug|Any CPU
		Release|Any CPU = Release|Any CPU
	EndGlobalSection
	GlobalSection(ProjectConfigurationPlatforms) = postSolution
		{DE2F5CE2-37DC-4BF9-BAB3-FF5AB45F2CA3}.Debug|Any CPU.ActiveCfg = Debug|Any CPU
		{DE2F5CE2-37DC-4BF9-BAB3-FF5AB45F2CA3}.Debug|Any CPU.Build.0 = Debug|Any CPU
		{DE2F5CE2-37DC-4BF9-BAB3-FF5AB45F2CA3}.Release|Any CPU.ActiveCfg = Release|Any CPU
		{DE2F5CE2-37DC-4BF9-BAB3-FF5AB45F2CA3}.Release|Any CPU.Build.0 = Release|Any CPU
		{BD47AF51-3847-4973-BE38-0B8793DB4750}.Debug|Any CPU.ActiveCfg = Debug|Any CPU
		{BD47AF51-3847-4973-BE38-0B8793DB4750}.Debug|Any CPU.Build.0 = Debug|Any CPU
		{BD47AF51-3847-4973-BE38-0B8793DB4750}.Release|Any CPU.ActiveCfg = Release|Any CPU
		{BD47AF51-3847-4973-BE38-0B8793DB4750}.Release|Any CPU.Build.0 = Release|Any CPU
	EndGlobalSection
	GlobalSection(SolutionProperties) = preSolution
		HideSolutionNode = FALSE
	EndGlobalSection
	GlobalSection(ExtensibilityGlobals) = postSolution
		SolutionGuid = {3DE706B5-B873-440D-8684-D2DDAE9412C9}
	EndGlobalSection
EndGlobal
